// !$*UTF8*$!
{
	archiveVersion = 1;
	classes = {
	};
	objectVersion = 55;
	objects = {

/* Begin PBXBuildFile section */
		221428482810A8B3005A83F6 /* GroupLandingViewController.swift in Sources */ = {isa = PBXBuildFile; fileRef = 221428472810A8B3005A83F6 /* GroupLandingViewController.swift */; };
		2214284A2810B282005A83F6 /* CreateGroupViewController.swift in Sources */ = {isa = PBXBuildFile; fileRef = 221428492810B282005A83F6 /* CreateGroupViewController.swift */; };
		2214284C2810B2A4005A83F6 /* JoinGroupViewController.swift in Sources */ = {isa = PBXBuildFile; fileRef = 2214284B2810B2A4005A83F6 /* JoinGroupViewController.swift */; };
		2214284E2810B2C5005A83F6 /* CurrentGroupsViewController.swift in Sources */ = {isa = PBXBuildFile; fileRef = 2214284D2810B2C5005A83F6 /* CurrentGroupsViewController.swift */; };
		221428502810B807005A83F6 /* CreateDetailViewController.swift in Sources */ = {isa = PBXBuildFile; fileRef = 2214284F2810B807005A83F6 /* CreateDetailViewController.swift */; };
		221EAA3127C6FDBC00F8791D /* LoginViewController.swift in Sources */ = {isa = PBXBuildFile; fileRef = 221EAA3027C6FDBC00F8791D /* LoginViewController.swift */; };
		221EAA3327C6FF7700F8791D /* SignupViewController.swift in Sources */ = {isa = PBXBuildFile; fileRef = 221EAA3227C6FF7700F8791D /* SignupViewController.swift */; };
		221EAA3627C7005700F8791D /* SurveyViewController.swift in Sources */ = {isa = PBXBuildFile; fileRef = 221EAA3527C7005700F8791D /* SurveyViewController.swift */; };
		2230B72F27BDF21000CEB996 /* AppDelegate.swift in Sources */ = {isa = PBXBuildFile; fileRef = 2230B72E27BDF21000CEB996 /* AppDelegate.swift */; };
		2230B73127BDF21000CEB996 /* SceneDelegate.swift in Sources */ = {isa = PBXBuildFile; fileRef = 2230B73027BDF21000CEB996 /* SceneDelegate.swift */; };
		2230B73627BDF21000CEB996 /* Main.storyboard in Resources */ = {isa = PBXBuildFile; fileRef = 2230B73427BDF21000CEB996 /* Main.storyboard */; };
		2230B73827BDF21600CEB996 /* Assets.xcassets in Resources */ = {isa = PBXBuildFile; fileRef = 2230B73727BDF21600CEB996 /* Assets.xcassets */; };
		2230B73B27BDF21600CEB996 /* LaunchScreen.storyboard in Resources */ = {isa = PBXBuildFile; fileRef = 2230B73927BDF21600CEB996 /* LaunchScreen.storyboard */; };
		2254457727D13FB100FA8FCB /* MainPageViewController.swift in Sources */ = {isa = PBXBuildFile; fileRef = 2254457627D13FB100FA8FCB /* MainPageViewController.swift */; };
		2254457D27D2B72400FA8FCB /* StartMovingViewController.swift in Sources */ = {isa = PBXBuildFile; fileRef = 2254457C27D2B72400FA8FCB /* StartMovingViewController.swift */; };
		22CACAEA282CD2BC007699C6 /* GoogleService-Info.plist in Resources */ = {isa = PBXBuildFile; fileRef = 22CACAE9282CD2BC007699C6 /* GoogleService-Info.plist */; };
		22CACAEC282CD504007699C6 /* LandingViewController.swift in Sources */ = {isa = PBXBuildFile; fileRef = 22CACAEB282CD504007699C6 /* LandingViewController.swift */; };
		22D8F35528204D99003A9452 /* GroupCell.swift in Sources */ = {isa = PBXBuildFile; fileRef = 22D8F35428204D99003A9452 /* GroupCell.swift */; };
		22DD3B6D282335490022B7D1 /* ClickedGroupViewController.swift in Sources */ = {isa = PBXBuildFile; fileRef = 22DD3B6C282335490022B7D1 /* ClickedGroupViewController.swift */; };
		22DD3B6F282438BE0022B7D1 /* MemberCell.swift in Sources */ = {isa = PBXBuildFile; fileRef = 22DD3B6E282438BE0022B7D1 /* MemberCell.swift */; };
		22DD3B712828B5710022B7D1 /* FinishedExerciseViewController.swift in Sources */ = {isa = PBXBuildFile; fileRef = 22DD3B702828B5700022B7D1 /* FinishedExerciseViewController.swift */; };
		22E42E6D27E8FFD80064D7DA /* ExerciseVideoViewController.swift in Sources */ = {isa = PBXBuildFile; fileRef = 22E42E6C27E8FFD80064D7DA /* ExerciseVideoViewController.swift */; };
		5D2B34BE28239BC800BFB693 /* agreement.swift in Sources */ = {isa = PBXBuildFile; fileRef = 5D2B34BD28239BC800BFB693 /* agreement.swift */; };
		5D2B34C02823B66900BFB693 /* PickerView.swift in Sources */ = {isa = PBXBuildFile; fileRef = 5D2B34BF2823B66900BFB693 /* PickerView.swift */; };
		5D2B34C228241AE000BFB693 /* SurveryPicker.swift in Sources */ = {isa = PBXBuildFile; fileRef = 5D2B34C128241AE000BFB693 /* SurveryPicker.swift */; };
		5D2B34C428242BA200BFB693 /* surveryPicker2.swift in Sources */ = {isa = PBXBuildFile; fileRef = 5D2B34C328242BA200BFB693 /* surveryPicker2.swift */; };
		5D2B34C82824525000BFB693 /* SurveryQuestionsViewController.swift in Sources */ = {isa = PBXBuildFile; fileRef = 5D2B34C72824525000BFB693 /* SurveryQuestionsViewController.swift */; };
		5D4AD11D2813442100CB6656 /* DemoVideosViewController.swift in Sources */ = {isa = PBXBuildFile; fileRef = 5D4AD11C2813442100CB6656 /* DemoVideosViewController.swift */; };
		5D4F7B0B2809F49F000B411A /* Question.swift in Sources */ = {isa = PBXBuildFile; fileRef = 5D4F7B0A2809F49F000B411A /* Question.swift */; };
		5D4F7B0D2809F4CD000B411A /* QuestionBank.swift in Sources */ = {isa = PBXBuildFile; fileRef = 5D4F7B0C2809F4CD000B411A /* QuestionBank.swift */; };
		64862FFA29BBD85B0027DE2F /* VideoDemosViewControllerV2.swift in Sources */ = {isa = PBXBuildFile; fileRef = 64862FF929BBD85B0027DE2F /* VideoDemosViewControllerV2.swift */; };
		649372A829B939F900C1436D /* UpdateScheduleViewControllerV2.swift in Sources */ = {isa = PBXBuildFile; fileRef = 649372A729B939F900C1436D /* UpdateScheduleViewControllerV2.swift */; };
		64B3F5EB29BC4E7B00D67E14 /* VideoCellV2.swift in Sources */ = {isa = PBXBuildFile; fileRef = 64B3F5EA29BC4E7B00D67E14 /* VideoCellV2.swift */; };
		64B9F3D429F76FCE0052EA60 /* AboutTeamsViewController.swift in Sources */ = {isa = PBXBuildFile; fileRef = 64B9F3D329F76FCE0052EA60 /* AboutTeamsViewController.swift */; };
		EC8A9673827F83D351B32736 /* Pods_GUM_ios.framework in Frameworks */ = {isa = PBXBuildFile; fileRef = 1FAE28DD87005362E3E0C6B7 /* Pods_GUM_ios.framework */; };
/* End PBXBuildFile section */

/* Begin PBXFileReference section */
		1FAE28DD87005362E3E0C6B7 /* Pods_GUM_ios.framework */ = {isa = PBXFileReference; explicitFileType = wrapper.framework; includeInIndex = 0; path = Pods_GUM_ios.framework; sourceTree = BUILT_PRODUCTS_DIR; };
		221428472810A8B3005A83F6 /* GroupLandingViewController.swift */ = {isa = PBXFileReference; lastKnownFileType = sourcecode.swift; path = GroupLandingViewController.swift; sourceTree = "<group>"; };
		221428492810B282005A83F6 /* CreateGroupViewController.swift */ = {isa = PBXFileReference; lastKnownFileType = sourcecode.swift; path = CreateGroupViewController.swift; sourceTree = "<group>"; };
		2214284B2810B2A4005A83F6 /* JoinGroupViewController.swift */ = {isa = PBXFileReference; lastKnownFileType = sourcecode.swift; path = JoinGroupViewController.swift; sourceTree = "<group>"; };
		2214284D2810B2C5005A83F6 /* CurrentGroupsViewController.swift */ = {isa = PBXFileReference; lastKnownFileType = sourcecode.swift; path = CurrentGroupsViewController.swift; sourceTree = "<group>"; };
		2214284F2810B807005A83F6 /* CreateDetailViewController.swift */ = {isa = PBXFileReference; lastKnownFileType = sourcecode.swift; path = CreateDetailViewController.swift; sourceTree = "<group>"; };
		221EAA3027C6FDBC00F8791D /* LoginViewController.swift */ = {isa = PBXFileReference; lastKnownFileType = sourcecode.swift; path = LoginViewController.swift; sourceTree = "<group>"; };
		221EAA3227C6FF7700F8791D /* SignupViewController.swift */ = {isa = PBXFileReference; lastKnownFileType = sourcecode.swift; path = SignupViewController.swift; sourceTree = "<group>"; };
		221EAA3527C7005700F8791D /* SurveyViewController.swift */ = {isa = PBXFileReference; lastKnownFileType = sourcecode.swift; path = SurveyViewController.swift; sourceTree = "<group>"; };
		2230B72B27BDF21000CEB996 /* GUM-ios.app */ = {isa = PBXFileReference; explicitFileType = wrapper.application; includeInIndex = 0; path = "GUM-ios.app"; sourceTree = BUILT_PRODUCTS_DIR; };
		2230B72E27BDF21000CEB996 /* AppDelegate.swift */ = {isa = PBXFileReference; lastKnownFileType = sourcecode.swift; path = AppDelegate.swift; sourceTree = "<group>"; };
		2230B73027BDF21000CEB996 /* SceneDelegate.swift */ = {isa = PBXFileReference; lastKnownFileType = sourcecode.swift; path = SceneDelegate.swift; sourceTree = "<group>"; };
		2230B73527BDF21000CEB996 /* Base */ = {isa = PBXFileReference; lastKnownFileType = file.storyboard; name = Base; path = Base.lproj/Main.storyboard; sourceTree = "<group>"; };
		2230B73727BDF21600CEB996 /* Assets.xcassets */ = {isa = PBXFileReference; lastKnownFileType = folder.assetcatalog; path = Assets.xcassets; sourceTree = "<group>"; };
		2230B73A27BDF21600CEB996 /* Base */ = {isa = PBXFileReference; lastKnownFileType = file.storyboard; name = Base; path = Base.lproj/LaunchScreen.storyboard; sourceTree = "<group>"; };
		2230B73C27BDF21600CEB996 /* Info.plist */ = {isa = PBXFileReference; lastKnownFileType = text.plist.xml; path = Info.plist; sourceTree = "<group>"; };
		2254457627D13FB100FA8FCB /* MainPageViewController.swift */ = {isa = PBXFileReference; lastKnownFileType = sourcecode.swift; path = MainPageViewController.swift; sourceTree = "<group>"; };
		2254457C27D2B72400FA8FCB /* StartMovingViewController.swift */ = {isa = PBXFileReference; lastKnownFileType = sourcecode.swift; path = StartMovingViewController.swift; sourceTree = "<group>"; };
		22CACAE9282CD2BC007699C6 /* GoogleService-Info.plist */ = {isa = PBXFileReference; fileEncoding = 4; lastKnownFileType = text.plist.xml; path = "GoogleService-Info.plist"; sourceTree = "<group>"; };
		22CACAEB282CD504007699C6 /* LandingViewController.swift */ = {isa = PBXFileReference; lastKnownFileType = sourcecode.swift; path = LandingViewController.swift; sourceTree = "<group>"; };
		22D8F35428204D99003A9452 /* GroupCell.swift */ = {isa = PBXFileReference; lastKnownFileType = sourcecode.swift; path = GroupCell.swift; sourceTree = "<group>"; };
		22DD3B6C282335490022B7D1 /* ClickedGroupViewController.swift */ = {isa = PBXFileReference; lastKnownFileType = sourcecode.swift; path = ClickedGroupViewController.swift; sourceTree = "<group>"; };
		22DD3B6E282438BE0022B7D1 /* MemberCell.swift */ = {isa = PBXFileReference; lastKnownFileType = sourcecode.swift; path = MemberCell.swift; sourceTree = "<group>"; };
		22DD3B702828B5700022B7D1 /* FinishedExerciseViewController.swift */ = {isa = PBXFileReference; lastKnownFileType = sourcecode.swift; path = FinishedExerciseViewController.swift; sourceTree = "<group>"; };
		22E42E6C27E8FFD80064D7DA /* ExerciseVideoViewController.swift */ = {isa = PBXFileReference; lastKnownFileType = sourcecode.swift; path = ExerciseVideoViewController.swift; sourceTree = "<group>"; };
		2658CCB9FAC20FBB9F047A1C /* Pods-GUM-ios.debug.xcconfig */ = {isa = PBXFileReference; includeInIndex = 1; lastKnownFileType = text.xcconfig; name = "Pods-GUM-ios.debug.xcconfig"; path = "Target Support Files/Pods-GUM-ios/Pods-GUM-ios.debug.xcconfig"; sourceTree = "<group>"; };
		5D2B34BD28239BC800BFB693 /* agreement.swift */ = {isa = PBXFileReference; lastKnownFileType = sourcecode.swift; path = agreement.swift; sourceTree = "<group>"; };
		5D2B34BF2823B66900BFB693 /* PickerView.swift */ = {isa = PBXFileReference; lastKnownFileType = sourcecode.swift; path = PickerView.swift; sourceTree = "<group>"; };
		5D2B34C128241AE000BFB693 /* SurveryPicker.swift */ = {isa = PBXFileReference; lastKnownFileType = sourcecode.swift; path = SurveryPicker.swift; sourceTree = "<group>"; };
		5D2B34C328242BA200BFB693 /* surveryPicker2.swift */ = {isa = PBXFileReference; lastKnownFileType = sourcecode.swift; path = surveryPicker2.swift; sourceTree = "<group>"; };
		5D2B34C72824525000BFB693 /* SurveryQuestionsViewController.swift */ = {isa = PBXFileReference; lastKnownFileType = sourcecode.swift; path = SurveryQuestionsViewController.swift; sourceTree = "<group>"; };
		5D4AD11C2813442100CB6656 /* DemoVideosViewController.swift */ = {isa = PBXFileReference; lastKnownFileType = sourcecode.swift; path = DemoVideosViewController.swift; sourceTree = "<group>"; };
		5D4F7B0A2809F49F000B411A /* Question.swift */ = {isa = PBXFileReference; lastKnownFileType = sourcecode.swift; path = Question.swift; sourceTree = "<group>"; };
		5D4F7B0C2809F4CD000B411A /* QuestionBank.swift */ = {isa = PBXFileReference; lastKnownFileType = sourcecode.swift; path = QuestionBank.swift; sourceTree = "<group>"; };
		5DD50E7F2802BF2D007FEFF1 /* GUM-ios.entitlements */ = {isa = PBXFileReference; lastKnownFileType = text.plist.entitlements; path = "GUM-ios.entitlements"; sourceTree = "<group>"; };
		64862FF929BBD85B0027DE2F /* VideoDemosViewControllerV2.swift */ = {isa = PBXFileReference; lastKnownFileType = sourcecode.swift; path = VideoDemosViewControllerV2.swift; sourceTree = "<group>"; };
		649372A729B939F900C1436D /* UpdateScheduleViewControllerV2.swift */ = {isa = PBXFileReference; lastKnownFileType = sourcecode.swift; path = UpdateScheduleViewControllerV2.swift; sourceTree = "<group>"; };
		64B3F5EA29BC4E7B00D67E14 /* VideoCellV2.swift */ = {isa = PBXFileReference; lastKnownFileType = sourcecode.swift; path = VideoCellV2.swift; sourceTree = "<group>"; };
		64B9F3D329F76FCE0052EA60 /* AboutTeamsViewController.swift */ = {isa = PBXFileReference; lastKnownFileType = sourcecode.swift; path = AboutTeamsViewController.swift; sourceTree = "<group>"; };
		B6E61F68A06AE2AD8CDD0F7E /* Pods-GUM-ios.release.xcconfig */ = {isa = PBXFileReference; includeInIndex = 1; lastKnownFileType = text.xcconfig; name = "Pods-GUM-ios.release.xcconfig"; path = "Target Support Files/Pods-GUM-ios/Pods-GUM-ios.release.xcconfig"; sourceTree = "<group>"; };
/* End PBXFileReference section */

/* Begin PBXFrameworksBuildPhase section */
		2230B72827BDF21000CEB996 /* Frameworks */ = {
			isa = PBXFrameworksBuildPhase;
			buildActionMask = 2147483647;
			files = (
				EC8A9673827F83D351B32736 /* Pods_GUM_ios.framework in Frameworks */,
			);
			runOnlyForDeploymentPostprocessing = 0;
		};
/* End PBXFrameworksBuildPhase section */

/* Begin PBXGroup section */
		221EAA3427C6FFAA00F8791D /* View Controllers */ = {
			isa = PBXGroup;
			children = (
				2254457627D13FB100FA8FCB /* MainPageViewController.swift */,
				64862FF929BBD85B0027DE2F /* VideoDemosViewControllerV2.swift */,
				64B3F5EA29BC4E7B00D67E14 /* VideoCellV2.swift */,
				649372A729B939F900C1436D /* UpdateScheduleViewControllerV2.swift */,
				221EAA3027C6FDBC00F8791D /* LoginViewController.swift */,
				221EAA3227C6FF7700F8791D /* SignupViewController.swift */,
				221EAA3527C7005700F8791D /* SurveyViewController.swift */,
				2254457C27D2B72400FA8FCB /* StartMovingViewController.swift */,
				22E42E6C27E8FFD80064D7DA /* ExerciseVideoViewController.swift */,
				221428472810A8B3005A83F6 /* GroupLandingViewController.swift */,
				221428492810B282005A83F6 /* CreateGroupViewController.swift */,
				2214284B2810B2A4005A83F6 /* JoinGroupViewController.swift */,
				2214284D2810B2C5005A83F6 /* CurrentGroupsViewController.swift */,
				2214284F2810B807005A83F6 /* CreateDetailViewController.swift */,
				22DD3B6C282335490022B7D1 /* ClickedGroupViewController.swift */,
				22DD3B702828B5700022B7D1 /* FinishedExerciseViewController.swift */,
				5D4F7B0A2809F49F000B411A /* Question.swift */,
				5D4F7B0C2809F4CD000B411A /* QuestionBank.swift */,
				5D4AD11C2813442100CB6656 /* DemoVideosViewController.swift */,
				5D2B34BD28239BC800BFB693 /* agreement.swift */,
				5D2B34BF2823B66900BFB693 /* PickerView.swift */,
				5D2B34C128241AE000BFB693 /* SurveryPicker.swift */,
				5D2B34C328242BA200BFB693 /* surveryPicker2.swift */,
				5D2B34C72824525000BFB693 /* SurveryQuestionsViewController.swift */,
				22CACAEB282CD504007699C6 /* LandingViewController.swift */,
				64B9F3D329F76FCE0052EA60 /* AboutTeamsViewController.swift */,
			);
			path = "View Controllers";
			sourceTree = "<group>";
		};
		2230B72227BDF21000CEB996 = {
			isa = PBXGroup;
			children = (
				2230B72D27BDF21000CEB996 /* GUM-ios */,
				2230B72C27BDF21000CEB996 /* Products */,
				8BAF885CA3669625A4BF0FF2 /* Pods */,
				E0251DCD4C025BDA65186150 /* Frameworks */,
			);
			sourceTree = "<group>";
		};
		2230B72C27BDF21000CEB996 /* Products */ = {
			isa = PBXGroup;
			children = (
				2230B72B27BDF21000CEB996 /* GUM-ios.app */,
			);
			name = Products;
			sourceTree = "<group>";
		};
		2230B72D27BDF21000CEB996 /* GUM-ios */ = {
			isa = PBXGroup;
			children = (
				22CACAE9282CD2BC007699C6 /* GoogleService-Info.plist */,
				22D8F35328204D77003A9452 /* Cells */,
				5DD50E7F2802BF2D007FEFF1 /* GUM-ios.entitlements */,
				2230B72E27BDF21000CEB996 /* AppDelegate.swift */,
				2230B73027BDF21000CEB996 /* SceneDelegate.swift */,
				2230B73427BDF21000CEB996 /* Main.storyboard */,
				2230B73727BDF21600CEB996 /* Assets.xcassets */,
				2230B73927BDF21600CEB996 /* LaunchScreen.storyboard */,
				2230B73C27BDF21600CEB996 /* Info.plist */,
				221EAA3427C6FFAA00F8791D /* View Controllers */,
			);
			path = "GUM-ios";
			sourceTree = "<group>";
		};
		22D8F35328204D77003A9452 /* Cells */ = {
			isa = PBXGroup;
			children = (
				22D8F35428204D99003A9452 /* GroupCell.swift */,
				22DD3B6E282438BE0022B7D1 /* MemberCell.swift */,
			);
			path = Cells;
			sourceTree = "<group>";
		};
		8BAF885CA3669625A4BF0FF2 /* Pods */ = {
			isa = PBXGroup;
			children = (
				2658CCB9FAC20FBB9F047A1C /* Pods-GUM-ios.debug.xcconfig */,
				B6E61F68A06AE2AD8CDD0F7E /* Pods-GUM-ios.release.xcconfig */,
			);
			path = Pods;
			sourceTree = "<group>";
		};
		E0251DCD4C025BDA65186150 /* Frameworks */ = {
			isa = PBXGroup;
			children = (
				1FAE28DD87005362E3E0C6B7 /* Pods_GUM_ios.framework */,
			);
			name = Frameworks;
			sourceTree = "<group>";
		};
/* End PBXGroup section */

/* Begin PBXNativeTarget section */
		2230B72A27BDF21000CEB996 /* GUM-ios */ = {
			isa = PBXNativeTarget;
			buildConfigurationList = 2230B73F27BDF21600CEB996 /* Build configuration list for PBXNativeTarget "GUM-ios" */;
			buildPhases = (
				8EC0D5630F29B1043BC0D256 /* [CP] Check Pods Manifest.lock */,
				2230B72727BDF21000CEB996 /* Sources */,
				2230B72827BDF21000CEB996 /* Frameworks */,
				2230B72927BDF21000CEB996 /* Resources */,
				EE1765A5B689E1BC52B5F3E0 /* [CP] Copy Pods Resources */,
			);
			buildRules = (
			);
			dependencies = (
			);
			name = "GUM-ios";
			packageProductDependencies = (
			);
			productName = "GUM-ios";
			productReference = 2230B72B27BDF21000CEB996 /* GUM-ios.app */;
			productType = "com.apple.product-type.application";
		};
/* End PBXNativeTarget section */

/* Begin PBXProject section */
		2230B72327BDF21000CEB996 /* Project object */ = {
			isa = PBXProject;
			attributes = {
				BuildIndependentTargetsInParallel = 1;
				LastSwiftUpdateCheck = 1320;
				LastUpgradeCheck = 1420;
				TargetAttributes = {
					2230B72A27BDF21000CEB996 = {
						CreatedOnToolsVersion = 13.2.1;
					};
				};
			};
			buildConfigurationList = 2230B72627BDF21000CEB996 /* Build configuration list for PBXProject "GUM-ios" */;
			compatibilityVersion = "Xcode 13.0";
			developmentRegion = en;
			hasScannedForEncodings = 0;
			knownRegions = (
				en,
				Base,
			);
			mainGroup = 2230B72227BDF21000CEB996;
			packageReferences = (
			);
			productRefGroup = 2230B72C27BDF21000CEB996 /* Products */;
			projectDirPath = "";
			projectRoot = "";
			targets = (
				2230B72A27BDF21000CEB996 /* GUM-ios */,
			);
		};
/* End PBXProject section */

/* Begin PBXResourcesBuildPhase section */
		2230B72927BDF21000CEB996 /* Resources */ = {
			isa = PBXResourcesBuildPhase;
			buildActionMask = 2147483647;
			files = (
				2230B73B27BDF21600CEB996 /* LaunchScreen.storyboard in Resources */,
				22CACAEA282CD2BC007699C6 /* GoogleService-Info.plist in Resources */,
				2230B73827BDF21600CEB996 /* Assets.xcassets in Resources */,
				2230B73627BDF21000CEB996 /* Main.storyboard in Resources */,
			);
			runOnlyForDeploymentPostprocessing = 0;
		};
/* End PBXResourcesBuildPhase section */

/* Begin PBXShellScriptBuildPhase section */
		8EC0D5630F29B1043BC0D256 /* [CP] Check Pods Manifest.lock */ = {
			isa = PBXShellScriptBuildPhase;
			buildActionMask = 2147483647;
			files = (
			);
			inputFileListPaths = (
			);
			inputPaths = (
				"${PODS_PODFILE_DIR_PATH}/Podfile.lock",
				"${PODS_ROOT}/Manifest.lock",
			);
			name = "[CP] Check Pods Manifest.lock";
			outputFileListPaths = (
			);
			outputPaths = (
				"$(DERIVED_FILE_DIR)/Pods-GUM-ios-checkManifestLockResult.txt",
			);
			runOnlyForDeploymentPostprocessing = 0;
			shellPath = /bin/sh;
			shellScript = "diff \"${PODS_PODFILE_DIR_PATH}/Podfile.lock\" \"${PODS_ROOT}/Manifest.lock\" > /dev/null\nif [ $? != 0 ] ; then\n    # print error to STDERR\n    echo \"error: The sandbox is not in sync with the Podfile.lock. Run 'pod install' or update your CocoaPods installation.\" >&2\n    exit 1\nfi\n# This output is used by Xcode 'outputs' to avoid re-running this script phase.\necho \"SUCCESS\" > \"${SCRIPT_OUTPUT_FILE_0}\"\n";
			showEnvVarsInLog = 0;
		};
		EE1765A5B689E1BC52B5F3E0 /* [CP] Copy Pods Resources */ = {
			isa = PBXShellScriptBuildPhase;
			buildActionMask = 2147483647;
			files = (
			);
			inputFileListPaths = (
				"${PODS_ROOT}/Target Support Files/Pods-GUM-ios/Pods-GUM-ios-resources-${CONFIGURATION}-input-files.xcfilelist",
			);
			name = "[CP] Copy Pods Resources";
			outputFileListPaths = (
				"${PODS_ROOT}/Target Support Files/Pods-GUM-ios/Pods-GUM-ios-resources-${CONFIGURATION}-output-files.xcfilelist",
			);
			runOnlyForDeploymentPostprocessing = 0;
			shellPath = /bin/sh;
			shellScript = "\"${PODS_ROOT}/Target Support Files/Pods-GUM-ios/Pods-GUM-ios-resources.sh\"\n";
			showEnvVarsInLog = 0;
		};
/* End PBXShellScriptBuildPhase section */

/* Begin PBXSourcesBuildPhase section */
		2230B72727BDF21000CEB996 /* Sources */ = {
			isa = PBXSourcesBuildPhase;
			buildActionMask = 2147483647;
			files = (
				5D4F7B0B2809F49F000B411A /* Question.swift in Sources */,
				221EAA3127C6FDBC00F8791D /* LoginViewController.swift in Sources */,
				22DD3B6F282438BE0022B7D1 /* MemberCell.swift in Sources */,
				22DD3B6D282335490022B7D1 /* ClickedGroupViewController.swift in Sources */,
				2254457D27D2B72400FA8FCB /* StartMovingViewController.swift in Sources */,
				221428502810B807005A83F6 /* CreateDetailViewController.swift in Sources */,
				649372A829B939F900C1436D /* UpdateScheduleViewControllerV2.swift in Sources */,
				2254457727D13FB100FA8FCB /* MainPageViewController.swift in Sources */,
				2214284E2810B2C5005A83F6 /* CurrentGroupsViewController.swift in Sources */,
				22CACAEC282CD504007699C6 /* LandingViewController.swift in Sources */,
				22D8F35528204D99003A9452 /* GroupCell.swift in Sources */,
				221EAA3327C6FF7700F8791D /* SignupViewController.swift in Sources */,
				2230B72F27BDF21000CEB996 /* AppDelegate.swift in Sources */,
				2214284A2810B282005A83F6 /* CreateGroupViewController.swift in Sources */,
				221428482810A8B3005A83F6 /* GroupLandingViewController.swift in Sources */,
				221EAA3627C7005700F8791D /* SurveyViewController.swift in Sources */,
				22DD3B712828B5710022B7D1 /* FinishedExerciseViewController.swift in Sources */,
				22E42E6D27E8FFD80064D7DA /* ExerciseVideoViewController.swift in Sources */,
				2214284C2810B2A4005A83F6 /* JoinGroupViewController.swift in Sources */,
				5D2B34C02823B66900BFB693 /* PickerView.swift in Sources */,
				64862FFA29BBD85B0027DE2F /* VideoDemosViewControllerV2.swift in Sources */,
				64B9F3D429F76FCE0052EA60 /* AboutTeamsViewController.swift in Sources */,
				5D2B34C428242BA200BFB693 /* surveryPicker2.swift in Sources */,
				64B3F5EB29BC4E7B00D67E14 /* VideoCellV2.swift in Sources */,
				5D2B34C82824525000BFB693 /* SurveryQuestionsViewController.swift in Sources */,
				5D2B34C228241AE000BFB693 /* SurveryPicker.swift in Sources */,
				5D2B34BE28239BC800BFB693 /* agreement.swift in Sources */,
				2230B73127BDF21000CEB996 /* SceneDelegate.swift in Sources */,
				5D4F7B0D2809F4CD000B411A /* QuestionBank.swift in Sources */,
				5D4AD11D2813442100CB6656 /* DemoVideosViewController.swift in Sources */,
			);
			runOnlyForDeploymentPostprocessing = 0;
		};
/* End PBXSourcesBuildPhase section */

/* Begin PBXVariantGroup section */
		2230B73427BDF21000CEB996 /* Main.storyboard */ = {
			isa = PBXVariantGroup;
			children = (
				2230B73527BDF21000CEB996 /* Base */,
			);
			name = Main.storyboard;
			sourceTree = "<group>";
		};
		2230B73927BDF21600CEB996 /* LaunchScreen.storyboard */ = {
			isa = PBXVariantGroup;
			children = (
				2230B73A27BDF21600CEB996 /* Base */,
			);
			name = LaunchScreen.storyboard;
			sourceTree = "<group>";
		};
/* End PBXVariantGroup section */

/* Begin XCBuildConfiguration section */
		2230B73D27BDF21600CEB996 /* Debug */ = {
			isa = XCBuildConfiguration;
			buildSettings = {
				ALWAYS_SEARCH_USER_PATHS = NO;
				CLANG_ANALYZER_NONNULL = YES;
				CLANG_ANALYZER_NUMBER_OBJECT_CONVERSION = YES_AGGRESSIVE;
				CLANG_CXX_LANGUAGE_STANDARD = "gnu++17";
				CLANG_CXX_LIBRARY = "libc++";
				CLANG_ENABLE_MODULES = YES;
				CLANG_ENABLE_OBJC_ARC = YES;
				CLANG_ENABLE_OBJC_WEAK = YES;
				CLANG_WARN_BLOCK_CAPTURE_AUTORELEASING = YES;
				CLANG_WARN_BOOL_CONVERSION = YES;
				CLANG_WARN_COMMA = YES;
				CLANG_WARN_CONSTANT_CONVERSION = YES;
				CLANG_WARN_DEPRECATED_OBJC_IMPLEMENTATIONS = YES;
				CLANG_WARN_DIRECT_OBJC_ISA_USAGE = YES_ERROR;
				CLANG_WARN_DOCUMENTATION_COMMENTS = YES;
				CLANG_WARN_EMPTY_BODY = YES;
				CLANG_WARN_ENUM_CONVERSION = YES;
				CLANG_WARN_INFINITE_RECURSION = YES;
				CLANG_WARN_INT_CONVERSION = YES;
				CLANG_WARN_NON_LITERAL_NULL_CONVERSION = YES;
				CLANG_WARN_OBJC_IMPLICIT_RETAIN_SELF = YES;
				CLANG_WARN_OBJC_LITERAL_CONVERSION = YES;
				CLANG_WARN_OBJC_ROOT_CLASS = YES_ERROR;
				CLANG_WARN_QUOTED_INCLUDE_IN_FRAMEWORK_HEADER = YES;
				CLANG_WARN_RANGE_LOOP_ANALYSIS = YES;
				CLANG_WARN_STRICT_PROTOTYPES = YES;
				CLANG_WARN_SUSPICIOUS_MOVE = YES;
				CLANG_WARN_UNGUARDED_AVAILABILITY = YES_AGGRESSIVE;
				CLANG_WARN_UNREACHABLE_CODE = YES;
				CLANG_WARN__DUPLICATE_METHOD_MATCH = YES;
				COPY_PHASE_STRIP = NO;
				DEBUG_INFORMATION_FORMAT = dwarf;
				ENABLE_STRICT_OBJC_MSGSEND = YES;
				ENABLE_TESTABILITY = YES;
				GCC_C_LANGUAGE_STANDARD = gnu11;
				GCC_DYNAMIC_NO_PIC = NO;
				GCC_NO_COMMON_BLOCKS = YES;
				GCC_OPTIMIZATION_LEVEL = 0;
				GCC_PREPROCESSOR_DEFINITIONS = (
					"DEBUG=1",
					"$(inherited)",
				);
				GCC_WARN_64_TO_32_BIT_CONVERSION = YES;
				GCC_WARN_ABOUT_RETURN_TYPE = YES_ERROR;
				GCC_WARN_UNDECLARED_SELECTOR = YES;
				GCC_WARN_UNINITIALIZED_AUTOS = YES_AGGRESSIVE;
				GCC_WARN_UNUSED_FUNCTION = YES;
				GCC_WARN_UNUSED_VARIABLE = YES;
				IPHONEOS_DEPLOYMENT_TARGET = 15.2;
				MTL_ENABLE_DEBUG_INFO = INCLUDE_SOURCE;
				MTL_FAST_MATH = YES;
				ONLY_ACTIVE_ARCH = YES;
				SDKROOT = iphoneos;
				SWIFT_ACTIVE_COMPILATION_CONDITIONS = DEBUG;
				SWIFT_OPTIMIZATION_LEVEL = "-Onone";
			};
			name = Debug;
		};
		2230B73E27BDF21600CEB996 /* Release */ = {
			isa = XCBuildConfiguration;
			buildSettings = {
				ALWAYS_SEARCH_USER_PATHS = NO;
				CLANG_ANALYZER_NONNULL = YES;
				CLANG_ANALYZER_NUMBER_OBJECT_CONVERSION = YES_AGGRESSIVE;
				CLANG_CXX_LANGUAGE_STANDARD = "gnu++17";
				CLANG_CXX_LIBRARY = "libc++";
				CLANG_ENABLE_MODULES = YES;
				CLANG_ENABLE_OBJC_ARC = YES;
				CLANG_ENABLE_OBJC_WEAK = YES;
				CLANG_WARN_BLOCK_CAPTURE_AUTORELEASING = YES;
				CLANG_WARN_BOOL_CONVERSION = YES;
				CLANG_WARN_COMMA = YES;
				CLANG_WARN_CONSTANT_CONVERSION = YES;
				CLANG_WARN_DEPRECATED_OBJC_IMPLEMENTATIONS = YES;
				CLANG_WARN_DIRECT_OBJC_ISA_USAGE = YES_ERROR;
				CLANG_WARN_DOCUMENTATION_COMMENTS = YES;
				CLANG_WARN_EMPTY_BODY = YES;
				CLANG_WARN_ENUM_CONVERSION = YES;
				CLANG_WARN_INFINITE_RECURSION = YES;
				CLANG_WARN_INT_CONVERSION = YES;
				CLANG_WARN_NON_LITERAL_NULL_CONVERSION = YES;
				CLANG_WARN_OBJC_IMPLICIT_RETAIN_SELF = YES;
				CLANG_WARN_OBJC_LITERAL_CONVERSION = YES;
				CLANG_WARN_OBJC_ROOT_CLASS = YES_ERROR;
				CLANG_WARN_QUOTED_INCLUDE_IN_FRAMEWORK_HEADER = YES;
				CLANG_WARN_RANGE_LOOP_ANALYSIS = YES;
				CLANG_WARN_STRICT_PROTOTYPES = YES;
				CLANG_WARN_SUSPICIOUS_MOVE = YES;
				CLANG_WARN_UNGUARDED_AVAILABILITY = YES_AGGRESSIVE;
				CLANG_WARN_UNREACHABLE_CODE = YES;
				CLANG_WARN__DUPLICATE_METHOD_MATCH = YES;
				COPY_PHASE_STRIP = NO;
				DEBUG_INFORMATION_FORMAT = "dwarf-with-dsym";
				ENABLE_NS_ASSERTIONS = NO;
				ENABLE_STRICT_OBJC_MSGSEND = YES;
				GCC_C_LANGUAGE_STANDARD = gnu11;
				GCC_NO_COMMON_BLOCKS = YES;
				GCC_WARN_64_TO_32_BIT_CONVERSION = YES;
				GCC_WARN_ABOUT_RETURN_TYPE = YES_ERROR;
				GCC_WARN_UNDECLARED_SELECTOR = YES;
				GCC_WARN_UNINITIALIZED_AUTOS = YES_AGGRESSIVE;
				GCC_WARN_UNUSED_FUNCTION = YES;
				GCC_WARN_UNUSED_VARIABLE = YES;
				IPHONEOS_DEPLOYMENT_TARGET = 15.2;
				MTL_ENABLE_DEBUG_INFO = NO;
				MTL_FAST_MATH = YES;
				ONLY_ACTIVE_ARCH = YES;
				SDKROOT = iphoneos;
				SWIFT_COMPILATION_MODE = wholemodule;
				SWIFT_OPTIMIZATION_LEVEL = "-O";
				VALIDATE_PRODUCT = YES;
			};
			name = Release;
		};
		2230B74027BDF21600CEB996 /* Debug */ = {
			isa = XCBuildConfiguration;
			baseConfigurationReference = 2658CCB9FAC20FBB9F047A1C /* Pods-GUM-ios.debug.xcconfig */;
			buildSettings = {
				ASSETCATALOG_COMPILER_APPICON_NAME = AppIcon;
				ASSETCATALOG_COMPILER_GLOBAL_ACCENT_COLOR_NAME = AccentColor;
				CODE_SIGN_ENTITLEMENTS = "GUM-ios/GUM-ios.entitlements";
				CODE_SIGN_IDENTITY = "Apple Development";
				"CODE_SIGN_IDENTITY[sdk=macosx*]" = "Apple Development";
				CODE_SIGN_STYLE = Automatic;
				CURRENT_PROJECT_VERSION = 1.9.7;
				DEVELOPMENT_TEAM = X8B84J85VP;
				GENERATE_INFOPLIST_FILE = YES;
				INFOPLIST_FILE = "GUM-ios/Info.plist";
				INFOPLIST_KEY_CFBundleDisplayName = "Get Up and Move";
				INFOPLIST_KEY_UIApplicationSupportsIndirectInputEvents = YES;
				INFOPLIST_KEY_UILaunchStoryboardName = LaunchScreen;
				INFOPLIST_KEY_UIMainStoryboardFile = Main;
				INFOPLIST_KEY_UIStatusBarStyle = "";
				INFOPLIST_KEY_UISupportedInterfaceOrientations = UIInterfaceOrientationPortrait;
				INFOPLIST_KEY_UISupportedInterfaceOrientations_iPad = "UIInterfaceOrientationLandscapeLeft UIInterfaceOrientationLandscapeRight UIInterfaceOrientationPortrait UIInterfaceOrientationPortraitUpsideDown";
				LD_RUNPATH_SEARCH_PATHS = (
					"$(inherited)",
					"@executable_path/Frameworks",
				);
				MARKETING_VERSION = 1.9.7;
				PRODUCT_BUNDLE_IDENTIFIER = com.CSUMB.GUM;
				PRODUCT_NAME = "$(TARGET_NAME)";
				PROVISIONING_PROFILE_SPECIFIER = "";
				SUPPORTS_MACCATALYST = NO;
				SWIFT_EMIT_LOC_STRINGS = YES;
				SWIFT_VERSION = 5.0;
				TARGETED_DEVICE_FAMILY = 1;
			};
			name = Debug;
		};
		2230B74127BDF21600CEB996 /* Release */ = {
			isa = XCBuildConfiguration;
			baseConfigurationReference = B6E61F68A06AE2AD8CDD0F7E /* Pods-GUM-ios.release.xcconfig */;
			buildSettings = {
				ASSETCATALOG_COMPILER_APPICON_NAME = AppIcon;
				ASSETCATALOG_COMPILER_GLOBAL_ACCENT_COLOR_NAME = AccentColor;
				CODE_SIGN_ENTITLEMENTS = "GUM-ios/GUM-ios.entitlements";
				CODE_SIGN_IDENTITY = "Apple Development";
				"CODE_SIGN_IDENTITY[sdk=macosx*]" = "Apple Development";
				CODE_SIGN_STYLE = Automatic;
				CURRENT_PROJECT_VERSION = 1.9.7;
				DEVELOPMENT_TEAM = X8B84J85VP;
				GENERATE_INFOPLIST_FILE = YES;
				INFOPLIST_FILE = "GUM-ios/Info.plist";
				INFOPLIST_KEY_CFBundleDisplayName = "Get Up and Move";
				INFOPLIST_KEY_UIApplicationSupportsIndirectInputEvents = YES;
				INFOPLIST_KEY_UILaunchStoryboardName = LaunchScreen;
				INFOPLIST_KEY_UIMainStoryboardFile = Main;
				INFOPLIST_KEY_UIStatusBarStyle = "";
				INFOPLIST_KEY_UISupportedInterfaceOrientations = UIInterfaceOrientationPortrait;
				INFOPLIST_KEY_UISupportedInterfaceOrientations_iPad = "UIInterfaceOrientationLandscapeLeft UIInterfaceOrientationLandscapeRight UIInterfaceOrientationPortrait UIInterfaceOrientationPortraitUpsideDown";
				LD_RUNPATH_SEARCH_PATHS = (
					"$(inherited)",
					"@executable_path/Frameworks",
				);
				MARKETING_VERSION = 1.9.7;
				PRODUCT_BUNDLE_IDENTIFIER = com.CSUMB.GUM;
				PRODUCT_NAME = "$(TARGET_NAME)";
				PROVISIONING_PROFILE_SPECIFIER = "";
				SUPPORTS_MACCATALYST = NO;
				SWIFT_EMIT_LOC_STRINGS = YES;
				SWIFT_VERSION = 5.0;
				TARGETED_DEVICE_FAMILY = 1;
			};
			name = Release;
		};
/* End XCBuildConfiguration section */

/* Begin XCConfigurationList section */
		2230B72627BDF21000CEB996 /* Build configuration list for PBXProject "GUM-ios" */ = {
			isa = XCConfigurationList;
			buildConfigurations = (
				2230B73D27BDF21600CEB996 /* Debug */,
				2230B73E27BDF21600CEB996 /* Release */,
			);
			defaultConfigurationIsVisible = 0;
			defaultConfigurationName = Release;
		};
		2230B73F27BDF21600CEB996 /* Build configuration list for PBXNativeTarget "GUM-ios" */ = {
			isa = XCConfigurationList;
			buildConfigurations = (
				2230B74027BDF21600CEB996 /* Debug */,
				2230B74127BDF21600CEB996 /* Release */,
			);
			defaultConfigurationIsVisible = 0;
			defaultConfigurationName = Release;
		};
/* End XCConfigurationList section */
	};
	rootObject = 2230B72327BDF21000CEB996 /* Project object */;
}
